
Microsoft Visual Studio Solution File, Format Version 12.00
# Visual Studio Version 17
VisualStudioVersion = 17.5.33502.453
MinimumVisualStudioVersion = 10.0.40219.1
Project("{FAE04EC0-301F-11D3-BF4B-00C04F79EFBC}") = "BarbellBar weight calculator app using WindowsForms", "BarbellBar weight calculator app using WindowsForms.csproj", "{4558F28F-1123-41FA-9E2A-1FF971420E31}"
EndProject
Global
	GlobalSection(SolutionConfigurationPlatforms) = preSolution
		Debug|Any CPU = Debug|Any CPU
		Release|Any CPU = Release|Any CPU
	EndGlobalSection
	GlobalSection(ProjectConfigurationPlatforms) = postSolution
		{4558F28F-1123-41FA-9E2A-1FF971420E31}.Debug|Any CPU.ActiveCfg = Debug|Any CPU
		{4558F28F-1123-41FA-9E2A-1FF971420E31}.Debug|Any CPU.Build.0 = Debug|Any CPU
		{4558F28F-1123-41FA-9E2A-1FF971420E31}.Release|Any CPU.ActiveCfg = Release|Any CPU
		{4558F28F-1123-41FA-9E2A-1FF971420E31}.Release|Any CPU.Build.0 = Release|Any CPU
	EndGlobalSection
	GlobalSection(SolutionProperties) = preSolution
		HideSolutionNode = FALSE
	EndGlobalSection
	GlobalSection(ExtensibilityGlobals) = postSolution
		SolutionGuid = {C2ABA65E-C3EA-421A-8456-D3D5FE071AF9}
	EndGlobalSection
EndGlobal
